
Microsoft Visual Studio Solution File, Format Version 12.00
# Visual Studio Version 17
VisualStudioVersion = 17.1.32421.90
MinimumVisualStudioVersion = 10.0.40219.1
Project("{9A19103F-16F7-4668-BE54-9A1E7A4F7556}") = "BussinessObject", "BussinessObject\BussinessObject.csproj", "{C4BD3868-6CE4-4E2B-9222-DC212598CAF9}"
EndProject
Project("{9A19103F-16F7-4668-BE54-9A1E7A4F7556}") = "DataAccess", "DataAccess\DataAccess.csproj", "{03624115-4CE7-4F3D-8344-A1E068B9751A}"
EndProject
Project("{FAE04EC0-301F-11D3-BF4B-00C04F79EFBC}") = "Test", "Test\Test.csproj", "{57A2E31D-89DC-434D-B08C-1715F18CFDA2}"
EndProject
Global
	GlobalSection(SolutionConfigurationPlatforms) = preSolution
		Debug|Any CPU = Debug|Any CPU
		Release|Any CPU = Release|Any CPU
	EndGlobalSection
	GlobalSection(ProjectConfigurationPlatforms) = postSolution
		{C4BD3868-6CE4-4E2B-9222-DC212598CAF9}.Debug|Any CPU.ActiveCfg = Debug|Any CPU
		{C4BD3868-6CE4-4E2B-9222-DC212598CAF9}.Debug|Any CPU.Build.0 = Debug|Any CPU
		{C4BD3868-6CE4-4E2B-9222-DC212598CAF9}.Release|Any CPU.ActiveCfg = Release|Any CPU
		{C4BD3868-6CE4-4E2B-9222-DC212598CAF9}.Release|Any CPU.Build.0 = Release|Any CPU
		{03624115-4CE7-4F3D-8344-A1E068B9751A}.Debug|Any CPU.ActiveCfg = Debug|Any CPU
		{03624115-4CE7-4F3D-8344-A1E068B9751A}.Debug|Any CPU.Build.0 = Debug|Any CPU
		{03624115-4CE7-4F3D-8344-A1E068B9751A}.Release|Any CPU.ActiveCfg = Release|Any CPU
		{03624115-4CE7-4F3D-8344-A1E068B9751A}.Release|Any CPU.Build.0 = Release|Any CPU
		{57A2E31D-89DC-434D-B08C-1715F18CFDA2}.Debug|Any CPU.ActiveCfg = Debug|Any CPU
		{57A2E31D-89DC-434D-B08C-1715F18CFDA2}.Debug|Any CPU.Build.0 = Debug|Any CPU
		{57A2E31D-89DC-434D-B08C-1715F18CFDA2}.Release|Any CPU.ActiveCfg = Release|Any CPU
		{57A2E31D-89DC-434D-B08C-1715F18CFDA2}.Release|Any CPU.Build.0 = Release|Any CPU
	EndGlobalSection
	GlobalSection(SolutionProperties) = preSolution
		HideSolutionNode = FALSE
	EndGlobalSection
	GlobalSection(ExtensibilityGlobals) = postSolution
		SolutionGuid = {B4B5DBBC-9025-413A-ABA2-74112801DE9B}
	EndGlobalSection
EndGlobal
